
Microsoft Visual Studio Solution File, Format Version 12.00
# Visual Studio Version 16
VisualStudioVersion = 16.0.30523.141
MinimumVisualStudioVersion = 10.0.40219.1
Project("{FAE04EC0-301F-11D3-BF4B-00C04F79EFBC}") = "Paddlist", "Paddlist.csproj", "{EC0404F4-AC89-4A08-A9B4-45EC88924755}"
EndProject
Global
	GlobalSection(SolutionConfigurationPlatforms) = preSolution
		Debug|Any CPU = Debug|Any CPU
		Release|Any CPU = Release|Any CPU
	EndGlobalSection
	GlobalSection(ProjectConfigurationPlatforms) = postSolution
		{EC0404F4-AC89-4A08-A9B4-45EC88924755}.Debug|Any CPU.ActiveCfg = Debug|Any CPU
		{EC0404F4-AC89-4A08-A9B4-45EC88924755}.Debug|Any CPU.Build.0 = Debug|Any CPU
		{EC0404F4-AC89-4A08-A9B4-45EC88924755}.Release|Any CPU.ActiveCfg = Release|Any CPU
		{EC0404F4-AC89-4A08-A9B4-45EC88924755}.Release|Any CPU.Build.0 = Release|Any CPU
	EndGlobalSection
	GlobalSection(SolutionProperties) = preSolution
		HideSolutionNode = FALSE
	EndGlobalSection
	GlobalSection(ExtensibilityGlobals) = postSolution
		SolutionGuid = {728419F6-04BC-4F60-84D7-C9E1710FCDC6}
	EndGlobalSection
EndGlobal
